
Microsoft Visual Studio Solution File, Format Version 12.00
# Visual Studio Version 17
VisualStudioVersion = 17.3.32922.545
MinimumVisualStudioVersion = 10.0.40219.1
Project("{FAE04EC0-301F-11D3-BF4B-00C04F79EFBC}") = "ConsoleDict", "ConsoleDict\ConsoleDict.csproj", "{553A664D-BA4E-4B5B-89ED-6899ED1752A5}"
EndProject
Global
	GlobalSection(SolutionConfigurationPlatforms) = preSolution
		Debug|Any CPU = Debug|Any CPU
		Release|Any CPU = Release|Any CPU
	EndGlobalSection
	GlobalSection(ProjectConfigurationPlatforms) = postSolution
		{553A664D-BA4E-4B5B-89ED-6899ED1752A5}.Debug|Any CPU.ActiveCfg = Debug|Any CPU
		{553A664D-BA4E-4B5B-89ED-6899ED1752A5}.Debug|Any CPU.Build.0 = Debug|Any CPU
		{553A664D-BA4E-4B5B-89ED-6899ED1752A5}.Release|Any CPU.ActiveCfg = Release|Any CPU
		{553A664D-BA4E-4B5B-89ED-6899ED1752A5}.Release|Any CPU.Build.0 = Release|Any CPU
	EndGlobalSection
	GlobalSection(SolutionProperties) = preSolution
		HideSolutionNode = FALSE
	EndGlobalSection
	GlobalSection(ExtensibilityGlobals) = postSolution
		SolutionGuid = {88FCD969-3C01-42E6-B560-2AAA0C2E552E}
	EndGlobalSection
EndGlobal
